Microsoft Visual Studio Solution File, Format Version 12.00
# Visual Studio Version 17
VisualStudioVersion = 17.5.2.0
MinimumVisualStudioVersion = 10.0.40219.1
Project("{FAE04EC0-301F-11D3-BF4B-00C04F79EFBC}") = "strings-practice", "strings-practice.csproj", "{FD195679-75F0-478E-BA3E-3CAC42CD510C}"
EndProject
Global
	GlobalSection(SolutionConfigurationPlatforms) = preSolution
		Debug|Any CPU = Debug|Any CPU
		Release|Any CPU = Release|Any CPU
	EndGlobalSection
	GlobalSection(ProjectConfigurationPlatforms) = postSolution
		{FD195679-75F0-478E-BA3E-3CAC42CD510C}.Debug|Any CPU.ActiveCfg = Debug|Any CPU
		{FD195679-75F0-478E-BA3E-3CAC42CD510C}.Debug|Any CPU.Build.0 = Debug|Any CPU
		{FD195679-75F0-478E-BA3E-3CAC42CD510C}.Release|Any CPU.ActiveCfg = Release|Any CPU
		{FD195679-75F0-478E-BA3E-3CAC42CD510C}.Release|Any CPU.Build.0 = Release|Any CPU
	EndGlobalSection
	GlobalSection(SolutionProperties) = preSolution
		HideSolutionNode = FALSE
	EndGlobalSection
	GlobalSection(ExtensibilityGlobals) = postSolution
		SolutionGuid = {8C636EAC-742F-442A-9CCD-1D2A32303E78}
	EndGlobalSection
EndGlobal
